
Microsoft Visual Studio Solution File, Format Version 12.00
# Visual Studio Version 17
VisualStudioVersion = 17.3.32929.385
MinimumVisualStudioVersion = 10.0.40219.1
Project("{9A19103F-16F7-4668-BE54-9A1E7A4F7556}") = "MvcMovie", "MvcMovie\MvcMovie.csproj", "{1E63C9F1-68E7-408F-99CF-79222A679710}"
EndProject
Project("{FAE04EC0-301F-11D3-BF4B-00C04F79EFBC}") = "Domain", "Domain\Domain.csproj", "{3628FA3E-3832-4783-B4AB-66E9B8914336}"
EndProject
Project("{FAE04EC0-301F-11D3-BF4B-00C04F79EFBC}") = "Persistence", "Persistence\Persistence.csproj", "{D5DC44E1-528E-4E87-97EC-075AB2CD1035}"
EndProject
Project("{FAE04EC0-301F-11D3-BF4B-00C04F79EFBC}") = "Application", "Application\Application.csproj", "{DBAABBCC-2389-4D1B-822D-A90E0E2C0893}"
EndProject
Global
	GlobalSection(SolutionConfigurationPlatforms) = preSolution
		Debug|Any CPU = Debug|Any CPU
		Release|Any CPU = Release|Any CPU
	EndGlobalSection
	GlobalSection(ProjectConfigurationPlatforms) = postSolution
		{1E63C9F1-68E7-408F-99CF-79222A679710}.Debug|Any CPU.ActiveCfg = Debug|Any CPU
		{1E63C9F1-68E7-408F-99CF-79222A679710}.Debug|Any CPU.Build.0 = Debug|Any CPU
		{1E63C9F1-68E7-408F-99CF-79222A679710}.Release|Any CPU.ActiveCfg = Release|Any CPU
		{1E63C9F1-68E7-408F-99CF-79222A679710}.Release|Any CPU.Build.0 = Release|Any CPU
		{3628FA3E-3832-4783-B4AB-66E9B8914336}.Debug|Any CPU.ActiveCfg = Debug|Any CPU
		{3628FA3E-3832-4783-B4AB-66E9B8914336}.Debug|Any CPU.Build.0 = Debug|Any CPU
		{3628FA3E-3832-4783-B4AB-66E9B8914336}.Release|Any CPU.ActiveCfg = Release|Any CPU
		{3628FA3E-3832-4783-B4AB-66E9B8914336}.Release|Any CPU.Build.0 = Release|Any CPU
		{D5DC44E1-528E-4E87-97EC-075AB2CD1035}.Debug|Any CPU.ActiveCfg = Debug|Any CPU
		{D5DC44E1-528E-4E87-97EC-075AB2CD1035}.Debug|Any CPU.Build.0 = Debug|Any CPU
		{D5DC44E1-528E-4E87-97EC-075AB2CD1035}.Release|Any CPU.ActiveCfg = Release|Any CPU
		{D5DC44E1-528E-4E87-97EC-075AB2CD1035}.Release|Any CPU.Build.0 = Release|Any CPU
		{DBAABBCC-2389-4D1B-822D-A90E0E2C0893}.Debug|Any CPU.ActiveCfg = Debug|Any CPU
		{DBAABBCC-2389-4D1B-822D-A90E0E2C0893}.Debug|Any CPU.Build.0 = Debug|Any CPU
		{DBAABBCC-2389-4D1B-822D-A90E0E2C0893}.Release|Any CPU.ActiveCfg = Release|Any CPU
		{DBAABBCC-2389-4D1B-822D-A90E0E2C0893}.Release|Any CPU.Build.0 = Release|Any CPU
	EndGlobalSection
	GlobalSection(SolutionProperties) = preSolution
		HideSolutionNode = FALSE
	EndGlobalSection
	GlobalSection(ExtensibilityGlobals) = postSolution
		SolutionGuid = {DF759787-10BE-44AF-802D-3971D16F78D3}
	EndGlobalSection
EndGlobal
